
Microsoft Visual Studio Solution File, Format Version 12.00
# Visual Studio Version 17
VisualStudioVersion = 17.14.36915.13 d17.14
MinimumVisualStudioVersion = 10.0.40219.1
Project("{FAE04EC0-301F-11D3-BF4B-00C04F79EFBC}") = "Caso1", "Caso1\Caso1.csproj", "{104DDF72-291C-4CD4-ADF0-2D697914E9B8}"
EndProject
Global
	GlobalSection(SolutionConfigurationPlatforms) = preSolution
		Debug|Any CPU = Debug|Any CPU
		Release|Any CPU = Release|Any CPU
	EndGlobalSection
	GlobalSection(ProjectConfigurationPlatforms) = postSolution
		{104DDF72-291C-4CD4-ADF0-2D697914E9B8}.Debug|Any CPU.ActiveCfg = Debug|Any CPU
		{104DDF72-291C-4CD4-ADF0-2D697914E9B8}.Debug|Any CPU.Build.0 = Debug|Any CPU
		{104DDF72-291C-4CD4-ADF0-2D697914E9B8}.Release|Any CPU.ActiveCfg = Release|Any CPU
		{104DDF72-291C-4CD4-ADF0-2D697914E9B8}.Release|Any CPU.Build.0 = Release|Any CPU
	EndGlobalSection
	GlobalSection(SolutionProperties) = preSolution
		HideSolutionNode = FALSE
	EndGlobalSection
	GlobalSection(ExtensibilityGlobals) = postSolution
		SolutionGuid = {3D4C7FB8-1593-4E5A-9276-2D60E587BB6F}
	EndGlobalSection
EndGlobal
